
Microsoft Visual Studio Solution File, Format Version 12.00
# Visual Studio Version 17
VisualStudioVersion = 17.7.34018.315
MinimumVisualStudioVersion = 10.0.40219.1
Project("{FAE04EC0-301F-11D3-BF4B-00C04F79EFBC}") = "LinkedList2", "LinkedList2\LinkedList2.csproj", "{5191C87A-792B-4B7D-9F44-D0044728D17E}"
EndProject
Project("{FAE04EC0-301F-11D3-BF4B-00C04F79EFBC}") = "LinkedList2Test", "LinkedList2Test\LinkedList2Test.csproj", "{4A606336-36D9-4D26-B755-A7DC46E8B6D5}"
EndProject
Global
	GlobalSection(SolutionConfigurationPlatforms) = preSolution
		Debug|Any CPU = Debug|Any CPU
		Release|Any CPU = Release|Any CPU
	EndGlobalSection
	GlobalSection(ProjectConfigurationPlatforms) = postSolution
		{5191C87A-792B-4B7D-9F44-D0044728D17E}.Debug|Any CPU.ActiveCfg = Debug|Any CPU
		{5191C87A-792B-4B7D-9F44-D0044728D17E}.Debug|Any CPU.Build.0 = Debug|Any CPU
		{5191C87A-792B-4B7D-9F44-D0044728D17E}.Release|Any CPU.ActiveCfg = Release|Any CPU
		{5191C87A-792B-4B7D-9F44-D0044728D17E}.Release|Any CPU.Build.0 = Release|Any CPU
		{4A606336-36D9-4D26-B755-A7DC46E8B6D5}.Debug|Any CPU.ActiveCfg = Debug|Any CPU
		{4A606336-36D9-4D26-B755-A7DC46E8B6D5}.Debug|Any CPU.Build.0 = Debug|Any CPU
		{4A606336-36D9-4D26-B755-A7DC46E8B6D5}.Release|Any CPU.ActiveCfg = Release|Any CPU
		{4A606336-36D9-4D26-B755-A7DC46E8B6D5}.Release|Any CPU.Build.0 = Release|Any CPU
	EndGlobalSection
	GlobalSection(SolutionProperties) = preSolution
		HideSolutionNode = FALSE
	EndGlobalSection
	GlobalSection(ExtensibilityGlobals) = postSolution
		SolutionGuid = {020321F9-EC8C-4EE8-9FF6-62EFCC72EA83}
	EndGlobalSection
EndGlobal
