
Microsoft Visual Studio Solution File, Format Version 12.00
# Visual Studio Version 17
VisualStudioVersion = 17.7.34018.315
MinimumVisualStudioVersion = 10.0.40219.1
Project("{9A19103F-16F7-4668-BE54-9A1E7A4F7556}") = "BinarySearch", "BinarySearch\BinarySearch.csproj", "{9E4C3BC5-0B7F-4A63-BC9D-F7DE94299AD4}"
EndProject
Project("{9A19103F-16F7-4668-BE54-9A1E7A4F7556}") = "Testing", "Testing\Testing.csproj", "{B22FE169-9EBA-4F5F-934C-7265FA1E25BD}"
EndProject
Project("{FAE04EC0-301F-11D3-BF4B-00C04F79EFBC}") = "BadBinaryTree", "BadBinaryTree\BadBinaryTree.csproj", "{AC34B92B-4B7B-42D2-B98C-E08DF9B4313F}"
EndProject
Global
	GlobalSection(SolutionConfigurationPlatforms) = preSolution
		Debug|Any CPU = Debug|Any CPU
		Release|Any CPU = Release|Any CPU
	EndGlobalSection
	GlobalSection(ProjectConfigurationPlatforms) = postSolution
		{9E4C3BC5-0B7F-4A63-BC9D-F7DE94299AD4}.Debug|Any CPU.ActiveCfg = Debug|Any CPU
		{9E4C3BC5-0B7F-4A63-BC9D-F7DE94299AD4}.Debug|Any CPU.Build.0 = Debug|Any CPU
		{9E4C3BC5-0B7F-4A63-BC9D-F7DE94299AD4}.Release|Any CPU.ActiveCfg = Release|Any CPU
		{9E4C3BC5-0B7F-4A63-BC9D-F7DE94299AD4}.Release|Any CPU.Build.0 = Release|Any CPU
		{B22FE169-9EBA-4F5F-934C-7265FA1E25BD}.Debug|Any CPU.ActiveCfg = Debug|Any CPU
		{B22FE169-9EBA-4F5F-934C-7265FA1E25BD}.Debug|Any CPU.Build.0 = Debug|Any CPU
		{B22FE169-9EBA-4F5F-934C-7265FA1E25BD}.Release|Any CPU.ActiveCfg = Release|Any CPU
		{B22FE169-9EBA-4F5F-934C-7265FA1E25BD}.Release|Any CPU.Build.0 = Release|Any CPU
		{AC34B92B-4B7B-42D2-B98C-E08DF9B4313F}.Debug|Any CPU.ActiveCfg = Debug|Any CPU
		{AC34B92B-4B7B-42D2-B98C-E08DF9B4313F}.Debug|Any CPU.Build.0 = Debug|Any CPU
		{AC34B92B-4B7B-42D2-B98C-E08DF9B4313F}.Release|Any CPU.ActiveCfg = Release|Any CPU
		{AC34B92B-4B7B-42D2-B98C-E08DF9B4313F}.Release|Any CPU.Build.0 = Release|Any CPU
	EndGlobalSection
	GlobalSection(SolutionProperties) = preSolution
		HideSolutionNode = FALSE
	EndGlobalSection
	GlobalSection(ExtensibilityGlobals) = postSolution
		SolutionGuid = {94B9C0DF-0B4D-4EB5-8C74-3FF5EB17A47A}
	EndGlobalSection
EndGlobal
